
Microsoft Visual Studio Solution File, Format Version 12.00
# Visual Studio Version 17
VisualStudioVersion = 17.0.31903.59
MinimumVisualStudioVersion = 10.0.40219.1
Project("{9A19103F-16F7-4668-BE54-9A1E7A4F7556}") = "TopBooks7_gRPC", "TopBooks7_gRPC\TopBooks7_gRPC.csproj", "{5A664790-2FC9-4533-98FB-FBDC259B61D4}"
EndProject
Project("{9A19103F-16F7-4668-BE54-9A1E7A4F7556}") = "TopBooks7_MVC", "TopBooks7_MVC\TopBooks7_MVC.csproj", "{60ED7126-604E-494D-B7E3-1A853CDBDD61}"
EndProject
Global
	GlobalSection(SolutionConfigurationPlatforms) = preSolution
		Debug|Any CPU = Debug|Any CPU
		Release|Any CPU = Release|Any CPU
	EndGlobalSection
	GlobalSection(ProjectConfigurationPlatforms) = postSolution
		{5A664790-2FC9-4533-98FB-FBDC259B61D4}.Debug|Any CPU.ActiveCfg = Debug|Any CPU
		{5A664790-2FC9-4533-98FB-FBDC259B61D4}.Debug|Any CPU.Build.0 = Debug|Any CPU
		{5A664790-2FC9-4533-98FB-FBDC259B61D4}.Release|Any CPU.ActiveCfg = Release|Any CPU
		{5A664790-2FC9-4533-98FB-FBDC259B61D4}.Release|Any CPU.Build.0 = Release|Any CPU
		{60ED7126-604E-494D-B7E3-1A853CDBDD61}.Debug|Any CPU.ActiveCfg = Debug|Any CPU
		{60ED7126-604E-494D-B7E3-1A853CDBDD61}.Debug|Any CPU.Build.0 = Debug|Any CPU
		{60ED7126-604E-494D-B7E3-1A853CDBDD61}.Release|Any CPU.ActiveCfg = Release|Any CPU
		{60ED7126-604E-494D-B7E3-1A853CDBDD61}.Release|Any CPU.Build.0 = Release|Any CPU
	EndGlobalSection
	GlobalSection(SolutionProperties) = preSolution
		HideSolutionNode = FALSE
	EndGlobalSection
	GlobalSection(ExtensibilityGlobals) = postSolution
		SolutionGuid = {C48583C5-EC26-4DBF-A6DC-408AFE2CE823}
	EndGlobalSection
EndGlobal
